{
  "name": "redis-test",
  "version": "1.0.0",
  "lockfileVersion": 1,
  "requires": true,
  "dependencies": {
    "double-ended-queue": {
      "version": "2.1.0-0",
      "resolved": "http://registry.npm.taobao.org/double-ended-queue/download/double-ended-queue-2.1.0-0.tgz",
      "integrity": "sha1-ED01J/0xUo9AGIEwyEHv3XgmTlw=",
      "dev": true
    },
    "redis": {
      "version": "2.8.0",
      "resolved": "http://registry.npm.taobao.org/redis/download/redis-2.8.0.tgz",
      "integrity": "sha1-ICKI4/WMSfYHnZevehDhMDrhSwI=",
      "dev": true,
      "requires": {
        "double-ended-queue": "2.1.0-0",
        "redis-commands": "1.3.1",
        "redis-parser": "2.6.0"
      }
    },
    "redis-commands": {
      "version": "1.3.1",
      "resolved": "http://registry.npm.taobao.org/redis-commands/download/redis-commands-1.3.1.tgz",
      "integrity": "sha1-gdgm9F+pyLIBH0zXoP5ZfSQdRCs=",
      "dev": true
    },
    "redis-parser": {
      "version": "2.6.0",
      "resolved": "http://registry.npm.taobao.org/redis-parser/download/redis-parser-2.6.0.tgz",
      "integrity": "sha1-Uu0J2srBCPGmMcB+m2mUHnoZUEs=",
      "dev": true
    }
  }
}
