{
  "name": "mongodb-3-async",
  "version": "1.0.0",
  "lockfileVersion": 1,
  "requires": true,
  "dependencies": {
    "bson": {
      "version": "1.0.9",
      "resolved": "http://r.cnpmjs.org/bson/download/bson-1.0.9.tgz",
      "integrity": "sha1-EjGfgyOxJUc5t8a++NPomuBaL1c="
    },
    "mongodb": {
      "version": "3.0.10",
      "resolved": "http://r.cnpmjs.org/mongodb/download/mongodb-3.0.10.tgz",
      "integrity": "sha1-+UjLlZWty/ytdET2skoEC2U7I+g=",
      "requires": {
        "mongodb-core": "3.0.9"
      }
    },
    "mongodb-core": {
      "version": "3.0.9",
      "resolved": "http://r.cnpmjs.org/mongodb-core/download/mongodb-core-3.0.9.tgz",
      "integrity": "sha1-gydBDIiBEBP7PkrHxMZw8yQ0m+E=",
      "requires": {
        "bson": "1.0.9",
        "require_optional": "1.0.1"
      }
    },
    "require_optional": {
      "version": "1.0.1",
      "resolved": "http://r.cnpmjs.org/require_optional/download/require_optional-1.0.1.tgz",
      "integrity": "sha1-TPNaQkf2TKPfjC7yCMxJSxyo/C4=",
      "requires": {
        "resolve-from": "2.0.0",
        "semver": "5.5.0"
      }
    },
    "resolve-from": {
      "version": "2.0.0",
      "resolved": "http://r.cnpmjs.org/resolve-from/download/resolve-from-2.0.0.tgz",
      "integrity": "sha1-lICrIOlP+h2egKgEx+oUdhGWa1c="
    },
    "semver": {
      "version": "5.5.0",
      "resolved": "http://r.cnpmjs.org/semver/download/semver-5.5.0.tgz",
      "integrity": "sha1-3Eu8emyp2Rbe5dQ1FvAJK1j3uKs="
    }
  }
}
